
Microsoft Visual Studio Solution File, Format Version 12.00
# Visual Studio Version 17
VisualStudioVersion = 17.9.34701.34
MinimumVisualStudioVersion = 10.0.40219.1
Project("{FAE04EC0-301F-11D3-BF4B-00C04F79EFBC}") = "ToDoLista", "ToDoLista\ToDoLista.csproj", "{CA288166-A119-48BD-AFD8-93CF32C5FA6E}"
EndProject
Global
	GlobalSection(SolutionConfigurationPlatforms) = preSolution
		Debug|Any CPU = Debug|Any CPU
		Release|Any CPU = Release|Any CPU
	EndGlobalSection
	GlobalSection(ProjectConfigurationPlatforms) = postSolution
		{CA288166-A119-48BD-AFD8-93CF32C5FA6E}.Debug|Any CPU.ActiveCfg = Debug|Any CPU
		{CA288166-A119-48BD-AFD8-93CF32C5FA6E}.Debug|Any CPU.Build.0 = Debug|Any CPU
		{CA288166-A119-48BD-AFD8-93CF32C5FA6E}.Release|Any CPU.ActiveCfg = Release|Any CPU
		{CA288166-A119-48BD-AFD8-93CF32C5FA6E}.Release|Any CPU.Build.0 = Release|Any CPU
	EndGlobalSection
	GlobalSection(SolutionProperties) = preSolution
		HideSolutionNode = FALSE
	EndGlobalSection
	GlobalSection(ExtensibilityGlobals) = postSolution
		SolutionGuid = {47FA45BA-C109-4CE5-AEAF-A9A7A91B62E4}
	EndGlobalSection
EndGlobal
